# This file is automatically @generated by Poetry 1.8.3 and should not be changed by hand.

[[package]]
name = "click"
version = "6.2"
description = "A simple wrapper around optparse for powerful command line utilities."
optional = false
python-versions = "*"
files = [
    {file = "click-6.2-py2.py3-none-any.whl", hash = "sha256:bbb49b513a663b9d93139b1ddadfa866edb41982d8b1c7b79a81f47e279bdb72"},
    {file = "click-6.2.tar.gz", hash = "sha256:fba0ff70f5ebb4cebbf64c40a8fbc222fb7cf825237241e548354dabe3da6a82"},
]

[[package]]
name = "future"
version = "0.15.2"
description = "Clean single-source support for Python 3 and 2"
optional = false
python-versions = "*"
files = [
    {file = "future-0.15.2.tar.gz", hash = "sha256:3d3b193f20ca62ba7d8782589922878820d0a023b885882deec830adbf639b97"},
]

[[package]]
name = "pocket-api"
version = "0.1.5"
description = "A python wrapper around GetPocket API V3."
optional = false
python-versions = "*"
files = [
    {file = "pocket-api-0.1.5.tar.gz", hash = "sha256:23ffc56886d37bb0bb21906668a61442c20b6dac38e70f6b8afe00610d8ef510"},
]

[package.dependencies]
requests = "*"

[[package]]
name = "progress"
version = "1.2"
description = "Easy to use progress bars"
optional = false
python-versions = "*"
files = [
    {file = "progress-1.2.tar.gz", hash = "sha256:5b6a50f9ac76820f619d7789b5354881c8c10060a64047e415868d8f503cc2eb"},
]

[[package]]
name = "requests"
version = "2.9.1"
description = "Python HTTP for Humans."
optional = false
python-versions = "*"
files = [
    {file = "requests-2.9.1-py2.py3-none-any.whl", hash = "sha256:113fbba5531a9e34945b7d36b33a084e8ba5d0664b703c81a7c572d91919a5b8"},
    {file = "requests-2.9.1.tar.gz", hash = "sha256:c577815dd00f1394203fc44eb979724b098f88264a9ef898ee45b8e5e9cf587f"},
]

[package.extras]
security = ["ndg-httpsclient", "pyOpenSSL (>=0.13)", "pyasn1"]

[[package]]
name = "six"
version = "1.10.0"
description = "Python 2 and 3 compatibility utilities"
optional = false
python-versions = "*"
files = [
    {file = "six-1.10.0-py2.py3-none-any.whl", hash = "sha256:0ff78c403d9bccf5a425a6d31a12aa6b47f1c21ca4dc2573a7e2f32a97335eb1"},
    {file = "six-1.10.0.tar.gz", hash = "sha256:105f8d68616f8248e24bf0e9372ef04d3cc10104f1980f54d57b2ce73a5ad56a"},
]

[metadata]
lock-version = "2.0"
python-versions = "^3.6"
content-hash = "0b3c96fcf25c15f63108d6d3be5ead2902a2c7ac60846ca95fae7d91403c5a21"
